// !$*UTF8*$!
{
	archiveVersion = 1;
	classes = {
	};
	objectVersion = 56;
	objects = {

/* Begin PBXBuildFile section */
		9EDBF9D12A7F82D600AB9E86 /* Login_UI_KitApp.swift in Sources */ = {isa = PBXBuildFile; fileRef = 9EDBF9D02A7F82D600AB9E86 /* Login_UI_KitApp.swift */; };
		9EDBF9D32A7F82D600AB9E86 /* ContentView.swift in Sources */ = {isa = PBXBuildFile; fileRef = 9EDBF9D22A7F82D600AB9E86 /* ContentView.swift */; };
		9EDBF9D52A7F82D600AB9E86 /* Assets.xcassets in Resources */ = {isa = PBXBuildFile; fileRef = 9EDBF9D42A7F82D600AB9E86 /* Assets.xcassets */; };
		9EDBF9D82A7F82D600AB9E86 /* Preview Assets.xcassets in Resources */ = {isa = PBXBuildFile; fileRef = 9EDBF9D72A7F82D600AB9E86 /* Preview Assets.xcassets */; };
		9EDBF9E02A7F847100AB9E86 /* Login.swift in Sources */ = {isa = PBXBuildFile; fileRef = 9EDBF9DF2A7F847100AB9E86 /* Login.swift */; };
		9EDBF9E32A7F85AE00AB9E86 /* View+Extensions.swift in Sources */ = {isa = PBXBuildFile; fileRef = 9EDBF9E22A7F85AE00AB9E86 /* View+Extensions.swift */; };
		9EDBF9E52A7F87F500AB9E86 /* CustomTF.swift in Sources */ = {isa = PBXBuildFile; fileRef = 9EDBF9E42A7F87F500AB9E86 /* CustomTF.swift */; };
		9EDBF9E72A7FA29E00AB9E86 /* GradientButton.swift in Sources */ = {isa = PBXBuildFile; fileRef = 9EDBF9E62A7FA29E00AB9E86 /* GradientButton.swift */; };
		9EDBF9E92A7FADF500AB9E86 /* SignUp.swift in Sources */ = {isa = PBXBuildFile; fileRef = 9EDBF9E82A7FADF500AB9E86 /* SignUp.swift */; };
		9EDBF9EB2A7FB1C200AB9E86 /* ForgotPassword.swift in Sources */ = {isa = PBXBuildFile; fileRef = 9EDBF9EA2A7FB1C200AB9E86 /* ForgotPassword.swift */; };
/* End PBXBuildFile section */

/* Begin PBXFileReference section */
		9EDBF9CD2A7F82D600AB9E86 /* Login UI Kit.app */ = {isa = PBXFileReference; explicitFileType = wrapper.application; includeInIndex = 0; path = "Login UI Kit.app"; sourceTree = BUILT_PRODUCTS_DIR; };
		9EDBF9D02A7F82D600AB9E86 /* Login_UI_KitApp.swift */ = {isa = PBXFileReference; lastKnownFileType = sourcecode.swift; path = Login_UI_KitApp.swift; sourceTree = "<group>"; };
		9EDBF9D22A7F82D600AB9E86 /* ContentView.swift */ = {isa = PBXFileReference; lastKnownFileType = sourcecode.swift; path = ContentView.swift; sourceTree = "<group>"; };
		9EDBF9D42A7F82D600AB9E86 /* Assets.xcassets */ = {isa = PBXFileReference; lastKnownFileType = folder.assetcatalog; path = Assets.xcassets; sourceTree = "<group>"; };
		9EDBF9D72A7F82D600AB9E86 /* Preview Assets.xcassets */ = {isa = PBXFileReference; lastKnownFileType = folder.assetcatalog; path = "Preview Assets.xcassets"; sourceTree = "<group>"; };
		9EDBF9DF2A7F847100AB9E86 /* Login.swift */ = {isa = PBXFileReference; lastKnownFileType = sourcecode.swift; path = Login.swift; sourceTree = "<group>"; };
		9EDBF9E22A7F85AE00AB9E86 /* View+Extensions.swift */ = {isa = PBXFileReference; lastKnownFileType = sourcecode.swift; path = "View+Extensions.swift"; sourceTree = "<group>"; };
		9EDBF9E42A7F87F500AB9E86 /* CustomTF.swift */ = {isa = PBXFileReference; lastKnownFileType = sourcecode.swift; path = CustomTF.swift; sourceTree = "<group>"; };
		9EDBF9E62A7FA29E00AB9E86 /* GradientButton.swift */ = {isa = PBXFileReference; lastKnownFileType = sourcecode.swift; path = GradientButton.swift; sourceTree = "<group>"; };
		9EDBF9E82A7FADF500AB9E86 /* SignUp.swift */ = {isa = PBXFileReference; lastKnownFileType = sourcecode.swift; path = SignUp.swift; sourceTree = "<group>"; };
		9EDBF9EA2A7FB1C200AB9E86 /* ForgotPassword.swift */ = {isa = PBXFileReference; lastKnownFileType = sourcecode.swift; path = ForgotPassword.swift; sourceTree = "<group>"; };
/* End PBXFileReference section */

/* Begin PBXFrameworksBuildPhase section */
		9EDBF9CA2A7F82D600AB9E86 /* Frameworks */ = {
			isa = PBXFrameworksBuildPhase;
			buildActionMask = 2147483647;
			files = (
			);
			runOnlyForDeploymentPostprocessing = 0;
		};
/* End PBXFrameworksBuildPhase section */

/* Begin PBXGroup section */
		9EDBF9C42A7F82D600AB9E86 = {
			isa = PBXGroup;
			children = (
				9EDBF9CF2A7F82D600AB9E86 /* Login UI Kit */,
				9EDBF9CE2A7F82D600AB9E86 /* Products */,
			);
			sourceTree = "<group>";
		};
		9EDBF9CE2A7F82D600AB9E86 /* Products */ = {
			isa = PBXGroup;
			children = (
				9EDBF9CD2A7F82D600AB9E86 /* Login UI Kit.app */,
			);
			name = Products;
			sourceTree = "<group>";
		};
		9EDBF9CF2A7F82D600AB9E86 /* Login UI Kit */ = {
			isa = PBXGroup;
			children = (
				9EDBF9E12A7F858E00AB9E86 /* Helpers */,
				9EDBF9DE2A7F842000AB9E86 /* View */,
				9EDBF9D02A7F82D600AB9E86 /* Login_UI_KitApp.swift */,
				9EDBF9D22A7F82D600AB9E86 /* ContentView.swift */,
				9EDBF9D42A7F82D600AB9E86 /* Assets.xcassets */,
				9EDBF9D62A7F82D600AB9E86 /* Preview Content */,
			);
			path = "Login UI Kit";
			sourceTree = "<group>";
		};
		9EDBF9D62A7F82D600AB9E86 /* Preview Content */ = {
			isa = PBXGroup;
			children = (
				9EDBF9D72A7F82D600AB9E86 /* Preview Assets.xcassets */,
			);
			path = "Preview Content";
			sourceTree = "<group>";
		};
		9EDBF9DE2A7F842000AB9E86 /* View */ = {
			isa = PBXGroup;
			children = (
				9EDBF9DF2A7F847100AB9E86 /* Login.swift */,
				9EDBF9E42A7F87F500AB9E86 /* CustomTF.swift */,
				9EDBF9E62A7FA29E00AB9E86 /* GradientButton.swift */,
				9EDBF9E82A7FADF500AB9E86 /* SignUp.swift */,
				9EDBF9EA2A7FB1C200AB9E86 /* ForgotPassword.swift */,
			);
			path = View;
			sourceTree = "<group>";
		};
		9EDBF9E12A7F858E00AB9E86 /* Helpers */ = {
			isa = PBXGroup;
			children = (
				9EDBF9E22A7F85AE00AB9E86 /* View+Extensions.swift */,
			);
			path = Helpers;
			sourceTree = "<group>";
		};
/* End PBXGroup section */

/* Begin PBXNativeTarget section */
		9EDBF9CC2A7F82D600AB9E86 /* Login UI Kit */ = {
			isa = PBXNativeTarget;
			buildConfigurationList = 9EDBF9DB2A7F82D600AB9E86 /* Build configuration list for PBXNativeTarget "Login UI Kit" */;
			buildPhases = (
				9EDBF9C92A7F82D600AB9E86 /* Sources */,
				9EDBF9CA2A7F82D600AB9E86 /* Frameworks */,
				9EDBF9CB2A7F82D600AB9E86 /* Resources */,
			);
			buildRules = (
			);
			dependencies = (
			);
			name = "Login UI Kit";
			productName = "Login UI Kit";
			productReference = 9EDBF9CD2A7F82D600AB9E86 /* Login UI Kit.app */;
			productType = "com.apple.product-type.application";
		};
/* End PBXNativeTarget section */

/* Begin PBXProject section */
		9EDBF9C52A7F82D600AB9E86 /* Project object */ = {
			isa = PBXProject;
			attributes = {
				BuildIndependentTargetsInParallel = 1;
				LastSwiftUpdateCheck = 1430;
				LastUpgradeCheck = 1430;
				TargetAttributes = {
					9EDBF9CC2A7F82D600AB9E86 = {
						CreatedOnToolsVersion = 14.3.1;
					};
				};
			};
			buildConfigurationList = 9EDBF9C82A7F82D600AB9E86 /* Build configuration list for PBXProject "Login UI Kit" */;
			compatibilityVersion = "Xcode 14.0";
			developmentRegion = en;
			hasScannedForEncodings = 0;
			knownRegions = (
				en,
				Base,
			);
			mainGroup = 9EDBF9C42A7F82D600AB9E86;
			productRefGroup = 9EDBF9CE2A7F82D600AB9E86 /* Products */;
			projectDirPath = "";
			projectRoot = "";
			targets = (
				9EDBF9CC2A7F82D600AB9E86 /* Login UI Kit */,
			);
		};
/* End PBXProject section */

/* Begin PBXResourcesBuildPhase section */
		9EDBF9CB2A7F82D600AB9E86 /* Resources */ = {
			isa = PBXResourcesBuildPhase;
			buildActionMask = 2147483647;
			files = (
				9EDBF9D82A7F82D600AB9E86 /* Preview Assets.xcassets in Resources */,
				9EDBF9D52A7F82D600AB9E86 /* Assets.xcassets in Resources */,
			);
			runOnlyForDeploymentPostprocessing = 0;
		};
/* End PBXResourcesBuildPhase section */

/* Begin PBXSourcesBuildPhase section */
		9EDBF9C92A7F82D600AB9E86 /* Sources */ = {
			isa = PBXSourcesBuildPhase;
			buildActionMask = 2147483647;
			files = (
				9EDBF9E92A7FADF500AB9E86 /* SignUp.swift in Sources */,
				9EDBF9E02A7F847100AB9E86 /* Login.swift in Sources */,
				9EDBF9E72A7FA29E00AB9E86 /* GradientButton.swift in Sources */,
				9EDBF9EB2A7FB1C200AB9E86 /* ForgotPassword.swift in Sources */,
				9EDBF9D32A7F82D600AB9E86 /* ContentView.swift in Sources */,
				9EDBF9E32A7F85AE00AB9E86 /* View+Extensions.swift in Sources */,
				9EDBF9E52A7F87F500AB9E86 /* CustomTF.swift in Sources */,
				9EDBF9D12A7F82D600AB9E86 /* Login_UI_KitApp.swift in Sources */,
			);
			runOnlyForDeploymentPostprocessing = 0;
		};
/* End PBXSourcesBuildPhase section */

/* Begin XCBuildConfiguration section */
		9EDBF9D92A7F82D600AB9E86 /* Debug */ = {
			isa = XCBuildConfiguration;
			buildSettings = {
				ALWAYS_SEARCH_USER_PATHS = NO;
				CLANG_ANALYZER_NONNULL = YES;
				CLANG_ANALYZER_NUMBER_OBJECT_CONVERSION = YES_AGGRESSIVE;
				CLANG_CXX_LANGUAGE_STANDARD = "gnu++20";
				CLANG_ENABLE_MODULES = YES;
				CLANG_ENABLE_OBJC_ARC = YES;
				CLANG_ENABLE_OBJC_WEAK = YES;
				CLANG_WARN_BLOCK_CAPTURE_AUTORELEASING = YES;
				CLANG_WARN_BOOL_CONVERSION = YES;
				CLANG_WARN_COMMA = YES;
				CLANG_WARN_CONSTANT_CONVERSION = YES;
				CLANG_WARN_DEPRECATED_OBJC_IMPLEMENTATIONS = YES;
				CLANG_WARN_DIRECT_OBJC_ISA_USAGE = YES_ERROR;
				CLANG_WARN_DOCUMENTATION_COMMENTS = YES;
				CLANG_WARN_EMPTY_BODY = YES;
				CLANG_WARN_ENUM_CONVERSION = YES;
				CLANG_WARN_INFINITE_RECURSION = YES;
				CLANG_WARN_INT_CONVERSION = YES;
				CLANG_WARN_NON_LITERAL_NULL_CONVERSION = YES;
				CLANG_WARN_OBJC_IMPLICIT_RETAIN_SELF = YES;
				CLANG_WARN_OBJC_LITERAL_CONVERSION = YES;
				CLANG_WARN_OBJC_ROOT_CLASS = YES_ERROR;
				CLANG_WARN_QUOTED_INCLUDE_IN_FRAMEWORK_HEADER = YES;
				CLANG_WARN_RANGE_LOOP_ANALYSIS = YES;
				CLANG_WARN_STRICT_PROTOTYPES = YES;
				CLANG_WARN_SUSPICIOUS_MOVE = YES;
				CLANG_WARN_UNGUARDED_AVAILABILITY = YES_AGGRESSIVE;
				CLANG_WARN_UNREACHABLE_CODE = YES;
				CLANG_WARN__DUPLICATE_METHOD_MATCH = YES;
				COPY_PHASE_STRIP = NO;
				DEBUG_INFORMATION_FORMAT = dwarf;
				ENABLE_STRICT_OBJC_MSGSEND = YES;
				ENABLE_TESTABILITY = YES;
				GCC_C_LANGUAGE_STANDARD = gnu11;
				GCC_DYNAMIC_NO_PIC = NO;
				GCC_NO_COMMON_BLOCKS = YES;
				GCC_OPTIMIZATION_LEVEL = 0;
				GCC_PREPROCESSOR_DEFINITIONS = (
					"DEBUG=1",
					"$(inherited)",
				);
				GCC_WARN_64_TO_32_BIT_CONVERSION = YES;
				GCC_WARN_ABOUT_RETURN_TYPE = YES_ERROR;
				GCC_WARN_UNDECLARED_SELECTOR = YES;
				GCC_WARN_UNINITIALIZED_AUTOS = YES_AGGRESSIVE;
				GCC_WARN_UNUSED_FUNCTION = YES;
				GCC_WARN_UNUSED_VARIABLE = YES;
				IPHONEOS_DEPLOYMENT_TARGET = 16.4;
				MTL_ENABLE_DEBUG_INFO = INCLUDE_SOURCE;
				MTL_FAST_MATH = YES;
				ONLY_ACTIVE_ARCH = YES;
				SDKROOT = iphoneos;
				SWIFT_ACTIVE_COMPILATION_CONDITIONS = DEBUG;
				SWIFT_OPTIMIZATION_LEVEL = "-Onone";
			};
			name = Debug;
		};
		9EDBF9DA2A7F82D600AB9E86 /* Release */ = {
			isa = XCBuildConfiguration;
			buildSettings = {
				ALWAYS_SEARCH_USER_PATHS = NO;
				CLANG_ANALYZER_NONNULL = YES;
				CLANG_ANALYZER_NUMBER_OBJECT_CONVERSION = YES_AGGRESSIVE;
				CLANG_CXX_LANGUAGE_STANDARD = "gnu++20";
				CLANG_ENABLE_MODULES = YES;
				CLANG_ENABLE_OBJC_ARC = YES;
				CLANG_ENABLE_OBJC_WEAK = YES;
				CLANG_WARN_BLOCK_CAPTURE_AUTORELEASING = YES;
				CLANG_WARN_BOOL_CONVERSION = YES;
				CLANG_WARN_COMMA = YES;
				CLANG_WARN_CONSTANT_CONVERSION = YES;
				CLANG_WARN_DEPRECATED_OBJC_IMPLEMENTATIONS = YES;
				CLANG_WARN_DIRECT_OBJC_ISA_USAGE = YES_ERROR;
				CLANG_WARN_DOCUMENTATION_COMMENTS = YES;
				CLANG_WARN_EMPTY_BODY = YES;
				CLANG_WARN_ENUM_CONVERSION = YES;
				CLANG_WARN_INFINITE_RECURSION = YES;
				CLANG_WARN_INT_CONVERSION = YES;
				CLANG_WARN_NON_LITERAL_NULL_CONVERSION = YES;
				CLANG_WARN_OBJC_IMPLICIT_RETAIN_SELF = YES;
				CLANG_WARN_OBJC_LITERAL_CONVERSION = YES;
				CLANG_WARN_OBJC_ROOT_CLASS = YES_ERROR;
				CLANG_WARN_QUOTED_INCLUDE_IN_FRAMEWORK_HEADER = YES;
				CLANG_WARN_RANGE_LOOP_ANALYSIS = YES;
				CLANG_WARN_STRICT_PROTOTYPES = YES;
				CLANG_WARN_SUSPICIOUS_MOVE = YES;
				CLANG_WARN_UNGUARDED_AVAILABILITY = YES_AGGRESSIVE;
				CLANG_WARN_UNREACHABLE_CODE = YES;
				CLANG_WARN__DUPLICATE_METHOD_MATCH = YES;
				COPY_PHASE_STRIP = NO;
				DEBUG_INFORMATION_FORMAT = "dwarf-with-dsym";
				ENABLE_NS_ASSERTIONS = NO;
				ENABLE_STRICT_OBJC_MSGSEND = YES;
				GCC_C_LANGUAGE_STANDARD = gnu11;
				GCC_NO_COMMON_BLOCKS = YES;
				GCC_WARN_64_TO_32_BIT_CONVERSION = YES;
				GCC_WARN_ABOUT_RETURN_TYPE = YES_ERROR;
				GCC_WARN_UNDECLARED_SELECTOR = YES;
				GCC_WARN_UNINITIALIZED_AUTOS = YES_AGGRESSIVE;
				GCC_WARN_UNUSED_FUNCTION = YES;
				GCC_WARN_UNUSED_VARIABLE = YES;
				IPHONEOS_DEPLOYMENT_TARGET = 16.4;
				MTL_ENABLE_DEBUG_INFO = NO;
				MTL_FAST_MATH = YES;
				SDKROOT = iphoneos;
				SWIFT_COMPILATION_MODE = wholemodule;
				SWIFT_OPTIMIZATION_LEVEL = "-O";
				VALIDATE_PRODUCT = YES;
			};
			name = Release;
		};
		9EDBF9DC2A7F82D600AB9E86 /* Debug */ = {
			isa = XCBuildConfiguration;
			buildSettings = {
				ASSETCATALOG_COMPILER_APPICON_NAME = AppIcon;
				ASSETCATALOG_COMPILER_GLOBAL_ACCENT_COLOR_NAME = AccentColor;
				CODE_SIGN_STYLE = Automatic;
				CURRENT_PROJECT_VERSION = 1;
				DEVELOPMENT_ASSET_PATHS = "\"Login UI Kit/Preview Content\"";
				DEVELOPMENT_TEAM = W24A4VSSJA;
				ENABLE_PREVIEWS = YES;
				GENERATE_INFOPLIST_FILE = YES;
				INFOPLIST_KEY_UIApplicationSceneManifest_Generation = YES;
				INFOPLIST_KEY_UIApplicationSupportsIndirectInputEvents = YES;
				INFOPLIST_KEY_UILaunchScreen_Generation = YES;
				INFOPLIST_KEY_UISupportedInterfaceOrientations_iPad = "UIInterfaceOrientationPortrait UIInterfaceOrientationPortraitUpsideDown UIInterfaceOrientationLandscapeLeft UIInterfaceOrientationLandscapeRight";
				INFOPLIST_KEY_UISupportedInterfaceOrientations_iPhone = "UIInterfaceOrientationPortrait UIInterfaceOrientationLandscapeLeft UIInterfaceOrientationLandscapeRight";
				LD_RUNPATH_SEARCH_PATHS = (
					"$(inherited)",
					"@executable_path/Frameworks",
				);
				MARKETING_VERSION = 1.0;
				PRODUCT_BUNDLE_IDENTIFIER = "KavSoft.Login-UI-Kit";
				PRODUCT_NAME = "$(TARGET_NAME)";
				SWIFT_EMIT_LOC_STRINGS = YES;
				SWIFT_VERSION = 5.0;
				TARGETED_DEVICE_FAMILY = "1,2";
			};
			name = Debug;
		};
		9EDBF9DD2A7F82D600AB9E86 /* Release */ = {
			isa = XCBuildConfiguration;
			buildSettings = {
				ASSETCATALOG_COMPILER_APPICON_NAME = AppIcon;
				ASSETCATALOG_COMPILER_GLOBAL_ACCENT_COLOR_NAME = AccentColor;
				CODE_SIGN_STYLE = Automatic;
				CURRENT_PROJECT_VERSION = 1;
				DEVELOPMENT_ASSET_PATHS = "\"Login UI Kit/Preview Content\"";
				DEVELOPMENT_TEAM = W24A4VSSJA;
				ENABLE_PREVIEWS = YES;
				GENERATE_INFOPLIST_FILE = YES;
				INFOPLIST_KEY_UIApplicationSceneManifest_Generation = YES;
				INFOPLIST_KEY_UIApplicationSupportsIndirectInputEvents = YES;
				INFOPLIST_KEY_UILaunchScreen_Generation = YES;
				INFOPLIST_KEY_UISupportedInterfaceOrientations_iPad = "UIInterfaceOrientationPortrait UIInterfaceOrientationPortraitUpsideDown UIInterfaceOrientationLandscapeLeft UIInterfaceOrientationLandscapeRight";
				INFOPLIST_KEY_UISupportedInterfaceOrientations_iPhone = "UIInterfaceOrientationPortrait UIInterfaceOrientationLandscapeLeft UIInterfaceOrientationLandscapeRight";
				LD_RUNPATH_SEARCH_PATHS = (
					"$(inherited)",
					"@executable_path/Frameworks",
				);
				MARKETING_VERSION = 1.0;
				PRODUCT_BUNDLE_IDENTIFIER = "KavSoft.Login-UI-Kit";
				PRODUCT_NAME = "$(TARGET_NAME)";
				SWIFT_EMIT_LOC_STRINGS = YES;
				SWIFT_VERSION = 5.0;
				TARGETED_DEVICE_FAMILY = "1,2";
			};
			name = Release;
		};
/* End XCBuildConfiguration section */

/* Begin XCConfigurationList section */
		9EDBF9C82A7F82D600AB9E86 /* Build configuration list for PBXProject "Login UI Kit" */ = {
			isa = XCConfigurationList;
			buildConfigurations = (
				9EDBF9D92A7F82D600AB9E86 /* Debug */,
				9EDBF9DA2A7F82D600AB9E86 /* Release */,
			);
			defaultConfigurationIsVisible = 0;
			defaultConfigurationName = Release;
		};
		9EDBF9DB2A7F82D600AB9E86 /* Build configuration list for PBXNativeTarget "Login UI Kit" */ = {
			isa = XCConfigurationList;
			buildConfigurations = (
				9EDBF9DC2A7F82D600AB9E86 /* Debug */,
				9EDBF9DD2A7F82D600AB9E86 /* Release */,
			);
			defaultConfigurationIsVisible = 0;
			defaultConfigurationName = Release;
		};
/* End XCConfigurationList section */
	};
	rootObject = 9EDBF9C52A7F82D600AB9E86 /* Project object */;
}
